
Microsoft Visual Studio Solution File, Format Version 12.00
# Visual Studio 15
VisualStudioVersion = 15.0.28307.421
MinimumVisualStudioVersion = 10.0.40219.1
Project("{FAE04EC0-301F-11D3-BF4B-00C04F79EFBC}") = "QuanLyKiTucXaDHHH", "QuanLyKiTucXaDHHH\QuanLyKiTucXaDHHH.csproj", "{63680696-5E73-4ABD-8493-BE5B7BF7A446}"
EndProject
Global
	GlobalSection(SolutionConfigurationPlatforms) = preSolution
		Debug|Any CPU = Debug|Any CPU
		Release|Any CPU = Release|Any CPU
	EndGlobalSection
	GlobalSection(ProjectConfigurationPlatforms) = postSolution
		{63680696-5E73-4ABD-8493-BE5B7BF7A446}.Debug|Any CPU.ActiveCfg = Debug|Any CPU
		{63680696-5E73-4ABD-8493-BE5B7BF7A446}.Debug|Any CPU.Build.0 = Debug|Any CPU
		{63680696-5E73-4ABD-8493-BE5B7BF7A446}.Release|Any CPU.ActiveCfg = Release|Any CPU
		{63680696-5E73-4ABD-8493-BE5B7BF7A446}.Release|Any CPU.Build.0 = Release|Any CPU
	EndGlobalSection
	GlobalSection(SolutionProperties) = preSolution
		HideSolutionNode = FALSE
	EndGlobalSection
	GlobalSection(ExtensibilityGlobals) = postSolution
		SolutionGuid = {2E3F0279-A535-4524-AE09-3C7DCC21D1F9}
	EndGlobalSection
EndGlobal
